// !$*UTF8*$!
{
	archiveVersion = 1;
	classes = {
	};
	objectVersion = 55;
	objects = {

/* Begin PBXBuildFile section */
		8AE8F23528AA631300D9516B /* __projectApp.swift in Sources */ = {isa = PBXBuildFile; fileRef = 8AE8F23428AA631300D9516B /* __projectApp.swift */; };
		8AE8F23728AA631300D9516B /* ContentView.swift in Sources */ = {isa = PBXBuildFile; fileRef = 8AE8F23628AA631300D9516B /* ContentView.swift */; };
		8AE8F23928AA631500D9516B /* Assets.xcassets in Resources */ = {isa = PBXBuildFile; fileRef = 8AE8F23828AA631500D9516B /* Assets.xcassets */; };
		8AE8F23C28AA631500D9516B /* Preview Assets.xcassets in Resources */ = {isa = PBXBuildFile; fileRef = 8AE8F23B28AA631500D9516B /* Preview Assets.xcassets */; };
		8AE8F24628AA640000D9516B /* kinder.png in Resources */ = {isa = PBXBuildFile; fileRef = 8AE8F24228AA640000D9516B /* kinder.png */; };
		8AE8F24728AA640000D9516B /* download.jpeg in Resources */ = {isa = PBXBuildFile; fileRef = 8AE8F24328AA640000D9516B /* download.jpeg */; };
		8AE8F24828AA640000D9516B /* pepsi.webp in Resources */ = {isa = PBXBuildFile; fileRef = 8AE8F24428AA640000D9516B /* pepsi.webp */; };
		8AE8F24928AA640000D9516B /* doritos.jpeg in Resources */ = {isa = PBXBuildFile; fileRef = 8AE8F24528AA640000D9516B /* doritos.jpeg */; };
/* End PBXBuildFile section */

/* Begin PBXFileReference section */
		8AE8F23128AA631300D9516B /* 5 project.app */ = {isa = PBXFileReference; explicitFileType = wrapper.application; includeInIndex = 0; path = "5 project.app"; sourceTree = BUILT_PRODUCTS_DIR; };
		8AE8F23428AA631300D9516B /* __projectApp.swift */ = {isa = PBXFileReference; lastKnownFileType = sourcecode.swift; path = __projectApp.swift; sourceTree = "<group>"; };
		8AE8F23628AA631300D9516B /* ContentView.swift */ = {isa = PBXFileReference; lastKnownFileType = sourcecode.swift; path = ContentView.swift; sourceTree = "<group>"; };
		8AE8F23828AA631500D9516B /* Assets.xcassets */ = {isa = PBXFileReference; lastKnownFileType = folder.assetcatalog; path = Assets.xcassets; sourceTree = "<group>"; };
		8AE8F23B28AA631500D9516B /* Preview Assets.xcassets */ = {isa = PBXFileReference; lastKnownFileType = folder.assetcatalog; path = "Preview Assets.xcassets"; sourceTree = "<group>"; };
		8AE8F24228AA640000D9516B /* kinder.png */ = {isa = PBXFileReference; lastKnownFileType = image.png; name = kinder.png; path = ../../../kinder.png; sourceTree = "<group>"; };
		8AE8F24328AA640000D9516B /* download.jpeg */ = {isa = PBXFileReference; lastKnownFileType = image.jpeg; name = download.jpeg; path = ../../../download.jpeg; sourceTree = "<group>"; };
		8AE8F24428AA640000D9516B /* pepsi.webp */ = {isa = PBXFileReference; lastKnownFileType = file; name = pepsi.webp; path = ../../../pepsi.webp; sourceTree = "<group>"; };
		8AE8F24528AA640000D9516B /* doritos.jpeg */ = {isa = PBXFileReference; lastKnownFileType = image.jpeg; name = doritos.jpeg; path = ../../../doritos.jpeg; sourceTree = "<group>"; };
/* End PBXFileReference section */

/* Begin PBXFrameworksBuildPhase section */
		8AE8F22E28AA631300D9516B /* Frameworks */ = {
			isa = PBXFrameworksBuildPhase;
			buildActionMask = 2147483647;
			files = (
			);
			runOnlyForDeploymentPostprocessing = 0;
		};
/* End PBXFrameworksBuildPhase section */

/* Begin PBXGroup section */
		8AE8F22828AA631300D9516B = {
			isa = PBXGroup;
			children = (
				8AE8F23328AA631300D9516B /* 5 project */,
				8AE8F23228AA631300D9516B /* Products */,
			);
			sourceTree = "<group>";
		};
		8AE8F23228AA631300D9516B /* Products */ = {
			isa = PBXGroup;
			children = (
				8AE8F23128AA631300D9516B /* 5 project.app */,
			);
			name = Products;
			sourceTree = "<group>";
		};
		8AE8F23328AA631300D9516B /* 5 project */ = {
			isa = PBXGroup;
			children = (
				8AE8F23428AA631300D9516B /* __projectApp.swift */,
				8AE8F23628AA631300D9516B /* ContentView.swift */,
				8AE8F23828AA631500D9516B /* Assets.xcassets */,
				8AE8F23A28AA631500D9516B /* Preview Content */,
			);
			path = "5 project";
			sourceTree = "<group>";
		};
		8AE8F23A28AA631500D9516B /* Preview Content */ = {
			isa = PBXGroup;
			children = (
				8AE8F24528AA640000D9516B /* doritos.jpeg */,
				8AE8F24328AA640000D9516B /* download.jpeg */,
				8AE8F24228AA640000D9516B /* kinder.png */,
				8AE8F24428AA640000D9516B /* pepsi.webp */,
				8AE8F23B28AA631500D9516B /* Preview Assets.xcassets */,
			);
			path = "Preview Content";
			sourceTree = "<group>";
		};
/* End PBXGroup section */

/* Begin PBXNativeTarget section */
		8AE8F23028AA631300D9516B /* 5 project */ = {
			isa = PBXNativeTarget;
			buildConfigurationList = 8AE8F23F28AA631500D9516B /* Build configuration list for PBXNativeTarget "5 project" */;
			buildPhases = (
				8AE8F22D28AA631300D9516B /* Sources */,
				8AE8F22E28AA631300D9516B /* Frameworks */,
				8AE8F22F28AA631300D9516B /* Resources */,
			);
			buildRules = (
			);
			dependencies = (
			);
			name = "5 project";
			productName = "5 project";
			productReference = 8AE8F23128AA631300D9516B /* 5 project.app */;
			productType = "com.apple.product-type.application";
		};
/* End PBXNativeTarget section */

/* Begin PBXProject section */
		8AE8F22928AA631300D9516B /* Project object */ = {
			isa = PBXProject;
			attributes = {
				BuildIndependentTargetsInParallel = 1;
				LastSwiftUpdateCheck = 1340;
				LastUpgradeCheck = 1340;
				TargetAttributes = {
					8AE8F23028AA631300D9516B = {
						CreatedOnToolsVersion = 13.4.1;
					};
				};
			};
			buildConfigurationList = 8AE8F22C28AA631300D9516B /* Build configuration list for PBXProject "5 project" */;
			compatibilityVersion = "Xcode 13.0";
			developmentRegion = en;
			hasScannedForEncodings = 0;
			knownRegions = (
				en,
				Base,
			);
			mainGroup = 8AE8F22828AA631300D9516B;
			productRefGroup = 8AE8F23228AA631300D9516B /* Products */;
			projectDirPath = "";
			projectRoot = "";
			targets = (
				8AE8F23028AA631300D9516B /* 5 project */,
			);
		};
/* End PBXProject section */

/* Begin PBXResourcesBuildPhase section */
		8AE8F22F28AA631300D9516B /* Resources */ = {
			isa = PBXResourcesBuildPhase;
			buildActionMask = 2147483647;
			files = (
				8AE8F24928AA640000D9516B /* doritos.jpeg in Resources */,
				8AE8F23C28AA631500D9516B /* Preview Assets.xcassets in Resources */,
				8AE8F24728AA640000D9516B /* download.jpeg in Resources */,
				8AE8F24628AA640000D9516B /* kinder.png in Resources */,
				8AE8F23928AA631500D9516B /* Assets.xcassets in Resources */,
				8AE8F24828AA640000D9516B /* pepsi.webp in Resources */,
			);
			runOnlyForDeploymentPostprocessing = 0;
		};
/* End PBXResourcesBuildPhase section */

/* Begin PBXSourcesBuildPhase section */
		8AE8F22D28AA631300D9516B /* Sources */ = {
			isa = PBXSourcesBuildPhase;
			buildActionMask = 2147483647;
			files = (
				8AE8F23728AA631300D9516B /* ContentView.swift in Sources */,
				8AE8F23528AA631300D9516B /* __projectApp.swift in Sources */,
			);
			runOnlyForDeploymentPostprocessing = 0;
		};
/* End PBXSourcesBuildPhase section */

/* Begin XCBuildConfiguration section */
		8AE8F23D28AA631500D9516B /* Debug */ = {
			isa = XCBuildConfiguration;
			buildSettings = {
				ALWAYS_SEARCH_USER_PATHS = NO;
				CLANG_ANALYZER_NONNULL = YES;
				CLANG_ANALYZER_NUMBER_OBJECT_CONVERSION = YES_AGGRESSIVE;
				CLANG_CXX_LANGUAGE_STANDARD = "gnu++17";
				CLANG_ENABLE_MODULES = YES;
				CLANG_ENABLE_OBJC_ARC = YES;
				CLANG_ENABLE_OBJC_WEAK = YES;
				CLANG_WARN_BLOCK_CAPTURE_AUTORELEASING = YES;
				CLANG_WARN_BOOL_CONVERSION = YES;
				CLANG_WARN_COMMA = YES;
				CLANG_WARN_CONSTANT_CONVERSION = YES;
				CLANG_WARN_DEPRECATED_OBJC_IMPLEMENTATIONS = YES;
				CLANG_WARN_DIRECT_OBJC_ISA_USAGE = YES_ERROR;
				CLANG_WARN_DOCUMENTATION_COMMENTS = YES;
				CLANG_WARN_EMPTY_BODY = YES;
				CLANG_WARN_ENUM_CONVERSION = YES;
				CLANG_WARN_INFINITE_RECURSION = YES;
				CLANG_WARN_INT_CONVERSION = YES;
				CLANG_WARN_NON_LITERAL_NULL_CONVERSION = YES;
				CLANG_WARN_OBJC_IMPLICIT_RETAIN_SELF = YES;
				CLANG_WARN_OBJC_LITERAL_CONVERSION = YES;
				CLANG_WARN_OBJC_ROOT_CLASS = YES_ERROR;
				CLANG_WARN_QUOTED_INCLUDE_IN_FRAMEWORK_HEADER = YES;
				CLANG_WARN_RANGE_LOOP_ANALYSIS = YES;
				CLANG_WARN_STRICT_PROTOTYPES = YES;
				CLANG_WARN_SUSPICIOUS_MOVE = YES;
				CLANG_WARN_UNGUARDED_AVAILABILITY = YES_AGGRESSIVE;
				CLANG_WARN_UNREACHABLE_CODE = YES;
				CLANG_WARN__DUPLICATE_METHOD_MATCH = YES;
				COPY_PHASE_STRIP = NO;
				DEBUG_INFORMATION_FORMAT = dwarf;
				ENABLE_STRICT_OBJC_MSGSEND = YES;
				ENABLE_TESTABILITY = YES;
				GCC_C_LANGUAGE_STANDARD = gnu11;
				GCC_DYNAMIC_NO_PIC = NO;
				GCC_NO_COMMON_BLOCKS = YES;
				GCC_OPTIMIZATION_LEVEL = 0;
				GCC_PREPROCESSOR_DEFINITIONS = (
					"DEBUG=1",
					"$(inherited)",
				);
				GCC_WARN_64_TO_32_BIT_CONVERSION = YES;
				GCC_WARN_ABOUT_RETURN_TYPE = YES_ERROR;
				GCC_WARN_UNDECLARED_SELECTOR = YES;
				GCC_WARN_UNINITIALIZED_AUTOS = YES_AGGRESSIVE;
				GCC_WARN_UNUSED_FUNCTION = YES;
				GCC_WARN_UNUSED_VARIABLE = YES;
				IPHONEOS_DEPLOYMENT_TARGET = 15.5;
				MTL_ENABLE_DEBUG_INFO = INCLUDE_SOURCE;
				MTL_FAST_MATH = YES;
				ONLY_ACTIVE_ARCH = YES;
				SDKROOT = iphoneos;
				SWIFT_ACTIVE_COMPILATION_CONDITIONS = DEBUG;
				SWIFT_OPTIMIZATION_LEVEL = "-Onone";
			};
			name = Debug;
		};
		8AE8F23E28AA631500D9516B /* Release */ = {
			isa = XCBuildConfiguration;
			buildSettings = {
				ALWAYS_SEARCH_USER_PATHS = NO;
				CLANG_ANALYZER_NONNULL = YES;
				CLANG_ANALYZER_NUMBER_OBJECT_CONVERSION = YES_AGGRESSIVE;
				CLANG_CXX_LANGUAGE_STANDARD = "gnu++17";
				CLANG_ENABLE_MODULES = YES;
				CLANG_ENABLE_OBJC_ARC = YES;
				CLANG_ENABLE_OBJC_WEAK = YES;
				CLANG_WARN_BLOCK_CAPTURE_AUTORELEASING = YES;
				CLANG_WARN_BOOL_CONVERSION = YES;
				CLANG_WARN_COMMA = YES;
				CLANG_WARN_CONSTANT_CONVERSION = YES;
				CLANG_WARN_DEPRECATED_OBJC_IMPLEMENTATIONS = YES;
				CLANG_WARN_DIRECT_OBJC_ISA_USAGE = YES_ERROR;
				CLANG_WARN_DOCUMENTATION_COMMENTS = YES;
				CLANG_WARN_EMPTY_BODY = YES;
				CLANG_WARN_ENUM_CONVERSION = YES;
				CLANG_WARN_INFINITE_RECURSION = YES;
				CLANG_WARN_INT_CONVERSION = YES;
				CLANG_WARN_NON_LITERAL_NULL_CONVERSION = YES;
				CLANG_WARN_OBJC_IMPLICIT_RETAIN_SELF = YES;
				CLANG_WARN_OBJC_LITERAL_CONVERSION = YES;
				CLANG_WARN_OBJC_ROOT_CLASS = YES_ERROR;
				CLANG_WARN_QUOTED_INCLUDE_IN_FRAMEWORK_HEADER = YES;
				CLANG_WARN_RANGE_LOOP_ANALYSIS = YES;
				CLANG_WARN_STRICT_PROTOTYPES = YES;
				CLANG_WARN_SUSPICIOUS_MOVE = YES;
				CLANG_WARN_UNGUARDED_AVAILABILITY = YES_AGGRESSIVE;
				CLANG_WARN_UNREACHABLE_CODE = YES;
				CLANG_WARN__DUPLICATE_METHOD_MATCH = YES;
				COPY_PHASE_STRIP = NO;
				DEBUG_INFORMATION_FORMAT = "dwarf-with-dsym";
				ENABLE_NS_ASSERTIONS = NO;
				ENABLE_STRICT_OBJC_MSGSEND = YES;
				GCC_C_LANGUAGE_STANDARD = gnu11;
				GCC_NO_COMMON_BLOCKS = YES;
				GCC_WARN_64_TO_32_BIT_CONVERSION = YES;
				GCC_WARN_ABOUT_RETURN_TYPE = YES_ERROR;
				GCC_WARN_UNDECLARED_SELECTOR = YES;
				GCC_WARN_UNINITIALIZED_AUTOS = YES_AGGRESSIVE;
				GCC_WARN_UNUSED_FUNCTION = YES;
				GCC_WARN_UNUSED_VARIABLE = YES;
				IPHONEOS_DEPLOYMENT_TARGET = 15.5;
				MTL_ENABLE_DEBUG_INFO = NO;
				MTL_FAST_MATH = YES;
				SDKROOT = iphoneos;
				SWIFT_COMPILATION_MODE = wholemodule;
				SWIFT_OPTIMIZATION_LEVEL = "-O";
				VALIDATE_PRODUCT = YES;
			};
			name = Release;
		};
		8AE8F24028AA631500D9516B /* Debug */ = {
			isa = XCBuildConfiguration;
			buildSettings = {
				ASSETCATALOG_COMPILER_APPICON_NAME = AppIcon;
				ASSETCATALOG_COMPILER_GLOBAL_ACCENT_COLOR_NAME = AccentColor;
				CODE_SIGN_STYLE = Automatic;
				CURRENT_PROJECT_VERSION = 1;
				DEVELOPMENT_ASSET_PATHS = "\"5 project/Preview Content\"";
				ENABLE_PREVIEWS = YES;
				GENERATE_INFOPLIST_FILE = YES;
				INFOPLIST_KEY_UIApplicationSceneManifest_Generation = YES;
				INFOPLIST_KEY_UIApplicationSupportsIndirectInputEvents = YES;
				INFOPLIST_KEY_UILaunchScreen_Generation = YES;
				INFOPLIST_KEY_UISupportedInterfaceOrientations_iPad = "UIInterfaceOrientationPortrait UIInterfaceOrientationPortraitUpsideDown UIInterfaceOrientationLandscapeLeft UIInterfaceOrientationLandscapeRight";
				INFOPLIST_KEY_UISupportedInterfaceOrientations_iPhone = "UIInterfaceOrientationPortrait UIInterfaceOrientationLandscapeLeft UIInterfaceOrientationLandscapeRight";
				LD_RUNPATH_SEARCH_PATHS = (
					"$(inherited)",
					"@executable_path/Frameworks",
				);
				MARKETING_VERSION = 1.0;
				PRODUCT_BUNDLE_IDENTIFIER = "-----------.--project";
				PRODUCT_NAME = "$(TARGET_NAME)";
				SWIFT_EMIT_LOC_STRINGS = YES;
				SWIFT_VERSION = 5.0;
				TARGETED_DEVICE_FAMILY = "1,2";
			};
			name = Debug;
		};
		8AE8F24128AA631500D9516B /* Release */ = {
			isa = XCBuildConfiguration;
			buildSettings = {
				ASSETCATALOG_COMPILER_APPICON_NAME = AppIcon;
				ASSETCATALOG_COMPILER_GLOBAL_ACCENT_COLOR_NAME = AccentColor;
				CODE_SIGN_STYLE = Automatic;
				CURRENT_PROJECT_VERSION = 1;
				DEVELOPMENT_ASSET_PATHS = "\"5 project/Preview Content\"";
				ENABLE_PREVIEWS = YES;
				GENERATE_INFOPLIST_FILE = YES;
				INFOPLIST_KEY_UIApplicationSceneManifest_Generation = YES;
				INFOPLIST_KEY_UIApplicationSupportsIndirectInputEvents = YES;
				INFOPLIST_KEY_UILaunchScreen_Generation = YES;
				INFOPLIST_KEY_UISupportedInterfaceOrientations_iPad = "UIInterfaceOrientationPortrait UIInterfaceOrientationPortraitUpsideDown UIInterfaceOrientationLandscapeLeft UIInterfaceOrientationLandscapeRight";
				INFOPLIST_KEY_UISupportedInterfaceOrientations_iPhone = "UIInterfaceOrientationPortrait UIInterfaceOrientationLandscapeLeft UIInterfaceOrientationLandscapeRight";
				LD_RUNPATH_SEARCH_PATHS = (
					"$(inherited)",
					"@executable_path/Frameworks",
				);
				MARKETING_VERSION = 1.0;
				PRODUCT_BUNDLE_IDENTIFIER = "-----------.--project";
				PRODUCT_NAME = "$(TARGET_NAME)";
				SWIFT_EMIT_LOC_STRINGS = YES;
				SWIFT_VERSION = 5.0;
				TARGETED_DEVICE_FAMILY = "1,2";
			};
			name = Release;
		};
/* End XCBuildConfiguration section */

/* Begin XCConfigurationList section */
		8AE8F22C28AA631300D9516B /* Build configuration list for PBXProject "5 project" */ = {
			isa = XCConfigurationList;
			buildConfigurations = (
				8AE8F23D28AA631500D9516B /* Debug */,
				8AE8F23E28AA631500D9516B /* Release */,
			);
			defaultConfigurationIsVisible = 0;
			defaultConfigurationName = Release;
		};
		8AE8F23F28AA631500D9516B /* Build configuration list for PBXNativeTarget "5 project" */ = {
			isa = XCConfigurationList;
			buildConfigurations = (
				8AE8F24028AA631500D9516B /* Debug */,
				8AE8F24128AA631500D9516B /* Release */,
			);
			defaultConfigurationIsVisible = 0;
			defaultConfigurationName = Release;
		};
/* End XCConfigurationList section */
	};
	rootObject = 8AE8F22928AA631300D9516B /* Project object */;
}
